
Microsoft Visual Studio Solution File, Format Version 12.00
# Visual Studio Version 17
VisualStudioVersion = 17.13.35931.197
MinimumVisualStudioVersion = 10.0.40219.1
Project("{FAE04EC0-301F-11D3-BF4B-00C04F79EFBC}") = "ClubManagementSystem.API", "ClubManagementSystem.API\ClubManagementSystem.API.csproj", "{6CCA14A3-4213-4E31-839E-102ADE3FBE15}"
EndProject
Project("{FAE04EC0-301F-11D3-BF4B-00C04F79EFBC}") = "ClubManagementSystem.Repository", "ClubManagementSystem.Repository\ClubManagementSystem.Repository.csproj", "{474FD16A-477B-4919-9537-9FFEBC032738}"
EndProject
Project("{FAE04EC0-301F-11D3-BF4B-00C04F79EFBC}") = "ClubManagementSystem.Service", "ClubManagementSystem.Service\ClubManagementSystem.Service.csproj", "{92429BB0-BC7F-47BE-A223-CF7022B96BF2}"
EndProject
Global
	GlobalSection(SolutionConfigurationPlatforms) = preSolution
		Debug|Any CPU = Debug|Any CPU
		Release|Any CPU = Release|Any CPU
	EndGlobalSection
	GlobalSection(ProjectConfigurationPlatforms) = postSolution
		{6CCA14A3-4213-4E31-839E-102ADE3FBE15}.Debug|Any CPU.ActiveCfg = Debug|Any CPU
		{6CCA14A3-4213-4E31-839E-102ADE3FBE15}.Debug|Any CPU.Build.0 = Debug|Any CPU
		{6CCA14A3-4213-4E31-839E-102ADE3FBE15}.Release|Any CPU.ActiveCfg = Release|Any CPU
		{6CCA14A3-4213-4E31-839E-102ADE3FBE15}.Release|Any CPU.Build.0 = Release|Any CPU
		{474FD16A-477B-4919-9537-9FFEBC032738}.Debug|Any CPU.ActiveCfg = Debug|Any CPU
		{474FD16A-477B-4919-9537-9FFEBC032738}.Debug|Any CPU.Build.0 = Debug|Any CPU
		{474FD16A-477B-4919-9537-9FFEBC032738}.Release|Any CPU.ActiveCfg = Release|Any CPU
		{474FD16A-477B-4919-9537-9FFEBC032738}.Release|Any CPU.Build.0 = Release|Any CPU
		{92429BB0-BC7F-47BE-A223-CF7022B96BF2}.Debug|Any CPU.ActiveCfg = Debug|Any CPU
		{92429BB0-BC7F-47BE-A223-CF7022B96BF2}.Debug|Any CPU.Build.0 = Debug|Any CPU
		{92429BB0-BC7F-47BE-A223-CF7022B96BF2}.Release|Any CPU.ActiveCfg = Release|Any CPU
		{92429BB0-BC7F-47BE-A223-CF7022B96BF2}.Release|Any CPU.Build.0 = Release|Any CPU
	EndGlobalSection
	GlobalSection(SolutionProperties) = preSolution
		HideSolutionNode = FALSE
	EndGlobalSection
	GlobalSection(ExtensibilityGlobals) = postSolution
		SolutionGuid = {32AD6EAE-8900-497F-9CFF-CA8E46E48092}
	EndGlobalSection
EndGlobal
